Microsoft Visual Studio Solution File, Format Version 12.00
# Visual Studio 2012
Project("{FAE04EC0-301F-11D3-BF4B-00C04F79EFBC}") = "WinForms_MapControl_ListAdapter", "WinForms_MapControl_ListAdapter\WinForms_MapControl_ListAdapter.csproj", "{F504AB50-5E8D-4DD9-826C-3D9486B813E1}"
EndProject
Global
	GlobalSection(SolutionConfigurationPlatforms) = preSolution
		Debug|Any CPU = Debug|Any CPU
		Release|Any CPU = Release|Any CPU
	EndGlobalSection
	GlobalSection(ProjectConfigurationPlatforms) = postSolution
		{F504AB50-5E8D-4DD9-826C-3D9486B813E1}.Debug|Any CPU.ActiveCfg = Debug|Any CPU
		{F504AB50-5E8D-4DD9-826C-3D9486B813E1}.Debug|Any CPU.Build.0 = Debug|Any CPU
		{F504AB50-5E8D-4DD9-826C-3D9486B813E1}.Release|Any CPU.ActiveCfg = Release|Any CPU
		{F504AB50-5E8D-4DD9-826C-3D9486B813E1}.Release|Any CPU.Build.0 = Release|Any CPU
	EndGlobalSection
	GlobalSection(SolutionProperties) = preSolution
		HideSolutionNode = FALSE
	EndGlobalSection
EndGlobal
